
Microsoft Visual Studio Solution File, Format Version 12.00
# Visual Studio Version 16
VisualStudioVersion = 16.0.31702.278
MinimumVisualStudioVersion = 10.0.40219.1
Project("{FAE04EC0-301F-11D3-BF4B-00C04F79EFBC}") = "PayrollService_ADO.Net", "PayrollService_ADO.Net\PayrollService_ADO.Net.csproj", "{228D5B56-3915-4C27-A09E-6A5849E2A853}"
EndProject
Global
	GlobalSection(SolutionConfigurationPlatforms) = preSolution
		Debug|Any CPU = Debug|Any CPU
		Release|Any CPU = Release|Any CPU
	EndGlobalSection
	GlobalSection(ProjectConfigurationPlatforms) = postSolution
		{228D5B56-3915-4C27-A09E-6A5849E2A853}.Debug|Any CPU.ActiveCfg = Debug|Any CPU
		{228D5B56-3915-4C27-A09E-6A5849E2A853}.Debug|Any CPU.Build.0 = Debug|Any CPU
		{228D5B56-3915-4C27-A09E-6A5849E2A853}.Release|Any CPU.ActiveCfg = Release|Any CPU
		{228D5B56-3915-4C27-A09E-6A5849E2A853}.Release|Any CPU.Build.0 = Release|Any CPU
	EndGlobalSection
	GlobalSection(SolutionProperties) = preSolution
		HideSolutionNode = FALSE
	EndGlobalSection
	GlobalSection(ExtensibilityGlobals) = postSolution
		SolutionGuid = {21E60FF8-0F35-4BE1-9BB8-0A26B8C1F140}
	EndGlobalSection
EndGlobal
